
Microsoft Visual Studio Solution File, Format Version 12.00
# Visual Studio Version 17
VisualStudioVersion = 17.0.31903.59
MinimumVisualStudioVersion = 10.0.40219.1
Project("{2150E333-8FDC-42A3-9474-1A3956D46DE8}") = "src", "src", "{827E0CD3-B72D-47B6-A68D-7590B98EB39B}"
EndProject
Project("{2150E333-8FDC-42A3-9474-1A3956D46DE8}") = "BuildingBlocks", "BuildingBlocks", "{90298CBA-BD6F-3A0A-69D5-97CAD7B05E7E}"
EndProject
Project("{FAE04EC0-301F-11D3-BF4B-00C04F79EFBC}") = "EventDrivenShop.Common", "src\BuildingBlocks\EventDrivenShop.Common\EventDrivenShop.Common.csproj", "{520FA3D7-107F-4200-BF63-0671B012876D}"
EndProject
Project("{FAE04EC0-301F-11D3-BF4B-00C04F79EFBC}") = "EventDrivenShop.Contracts", "src\BuildingBlocks\EventDrivenShop.Contracts\EventDrivenShop.Contracts.csproj", "{2C7ED41A-6C40-48C6-96A3-7D2B2848DA95}"
EndProject
Project("{FAE04EC0-301F-11D3-BF4B-00C04F79EFBC}") = "EventDrivenShop.Observability", "src\BuildingBlocks\EventDrivenShop.Observability\EventDrivenShop.Observability.csproj", "{EAD539C2-48D4-415A-BB31-8EDA79A59FA9}"
EndProject
Project("{FAE04EC0-301F-11D3-BF4B-00C04F79EFBC}") = "EventDrivenShop.NotificationService.Api", "src\Services\Notifications\EventDrivenShop.NotificationService.Api\EventDrivenShop.NotificationService.Api.csproj", "{2F668520-B514-48BA-A162-74483000FFA9}"
EndProject
Project("{FAE04EC0-301F-11D3-BF4B-00C04F79EFBC}") = "EventDrivenShop.NotificationService.Application", "src\Services\Notifications\EventDrivenShop.NotificationService.Application\EventDrivenShop.NotificationService.Application.csproj", "{A07F3FD5-D7D8-45C4-BD0F-AB73E9FF07B2}"
EndProject
Project("{FAE04EC0-301F-11D3-BF4B-00C04F79EFBC}") = "EventDrivenShop.NotificationService.Domain", "src\Services\Notifications\EventDrivenShop.NotificationService.Domain\EventDrivenShop.NotificationService.Domain.csproj", "{81791B1D-7968-4A5C-A757-EC451DB495BE}"
EndProject
Project("{FAE04EC0-301F-11D3-BF4B-00C04F79EFBC}") = "EventDrivenShop.NotificationService.Infrastructure", "src\Services\Notifications\EventDrivenShop.NotificationService.Infrastructure\EventDrivenShop.NotificationService.Infrastructure.csproj", "{936AF13C-BDE7-48F0-9CF1-D36363B4CEFD}"
EndProject
Project("{FAE04EC0-301F-11D3-BF4B-00C04F79EFBC}") = "EventDrivenShop.OrderService.Api", "src\Services\Orders\EventDrivenShop.OrderService.Api\EventDrivenShop.OrderService.Api.csproj", "{53B8E127-AD91-46D8-A118-9B1C9319E49F}"
EndProject
Project("{FAE04EC0-301F-11D3-BF4B-00C04F79EFBC}") = "EventDrivenShop.OrderService.Application", "src\Services\Orders\EventDrivenShop.OrderService.Application\EventDrivenShop.OrderService.Application.csproj", "{441F2F64-A129-4210-91DF-C7FBDD9F241D}"
EndProject
Project("{FAE04EC0-301F-11D3-BF4B-00C04F79EFBC}") = "EventDrivenShop.OrderService.Domain", "src\Services\Orders\EventDrivenShop.OrderService.Domain\EventDrivenShop.OrderService.Domain.csproj", "{477BBE99-0B9B-4817-91EA-178337F8B553}"
EndProject
Project("{FAE04EC0-301F-11D3-BF4B-00C04F79EFBC}") = "EventDrivenShop.OrderService.Infrastructure", "src\Services\Orders\EventDrivenShop.OrderService.Infrastructure\EventDrivenShop.OrderService.Infrastructure.csproj", "{7269BE9F-A886-4DB1-9139-130BA30A7A63}"
EndProject
Project("{FAE04EC0-301F-11D3-BF4B-00C04F79EFBC}") = "EventDrivenShop.PaymentService.Api", "src\Services\Payments\EventDrivenShop.PaymentService.Api\EventDrivenShop.PaymentService.Api.csproj", "{EB1E4451-B80A-4B31-9C17-F4D2A0B3829B}"
EndProject
Project("{FAE04EC0-301F-11D3-BF4B-00C04F79EFBC}") = "EventDrivenShop.PaymentService.Application", "src\Services\Payments\EventDrivenShop.PaymentService.Application\EventDrivenShop.PaymentService.Application.csproj", "{B3C89C92-DD35-42D1-978E-AE3A9A246FF7}"
EndProject
Project("{FAE04EC0-301F-11D3-BF4B-00C04F79EFBC}") = "EventDrivenShop.PaymentService.Domain", "src\Services\Payments\EventDrivenShop.PaymentService.Domain\EventDrivenShop.PaymentService.Domain.csproj", "{3A668269-6B38-4626-BC8A-E01EEA4EFD29}"
EndProject
Project("{FAE04EC0-301F-11D3-BF4B-00C04F79EFBC}") = "EventDrivenShop.PaymentService.Infrastructure", "src\Services\Payments\EventDrivenShop.PaymentService.Infrastructure\EventDrivenShop.PaymentService.Infrastructure.csproj", "{78E29534-5FD8-413C-817F-DFD4AF14CDA7}"
EndProject
Project("{FAE04EC0-301F-11D3-BF4B-00C04F79EFBC}") = "EventDrivenShop.EndToEndTests", "tests\EventDrivenShop.EndToEndTests\EventDrivenShop.EndToEndTests.csproj", "{893BEA99-9384-4F09-91C9-E69C330695CD}"
EndProject
Project("{FAE04EC0-301F-11D3-BF4B-00C04F79EFBC}") = "EventDrivenShop.IntegrationTests", "tests\EventDrivenShop.IntegrationTests\EventDrivenShop.IntegrationTests.csproj", "{6D18CF52-8BCE-4F13-BFBD-1C0569121E89}"
EndProject
Project("{FAE04EC0-301F-11D3-BF4B-00C04F79EFBC}") = "EventDrivenShop.UnitTests", "tests\EventDrivenShop.UnitTests\EventDrivenShop.UnitTests.csproj", "{B3D9C515-33E4-401A-93CC-C447C0E6A158}"
EndProject
Global
	GlobalSection(SolutionConfigurationPlatforms) = preSolution
		Debug|Any CPU = Debug|Any CPU
		Debug|x64 = Debug|x64
		Debug|x86 = Debug|x86
		Release|Any CPU = Release|Any CPU
		Release|x64 = Release|x64
		Release|x86 = Release|x86
	EndGlobalSection
	GlobalSection(ProjectConfigurationPlatforms) = postSolution
		{520FA3D7-107F-4200-BF63-0671B012876D}.Debug|Any CPU.ActiveCfg = Debug|Any CPU
		{520FA3D7-107F-4200-BF63-0671B012876D}.Debug|Any CPU.Build.0 = Debug|Any CPU
		{520FA3D7-107F-4200-BF63-0671B012876D}.Debug|x64.ActiveCfg = Debug|Any CPU
		{520FA3D7-107F-4200-BF63-0671B012876D}.Debug|x64.Build.0 = Debug|Any CPU
		{520FA3D7-107F-4200-BF63-0671B012876D}.Debug|x86.ActiveCfg = Debug|Any CPU
		{520FA3D7-107F-4200-BF63-0671B012876D}.Debug|x86.Build.0 = Debug|Any CPU
		{520FA3D7-107F-4200-BF63-0671B012876D}.Release|Any CPU.ActiveCfg = Release|Any CPU
		{520FA3D7-107F-4200-BF63-0671B012876D}.Release|Any CPU.Build.0 = Release|Any CPU
		{520FA3D7-107F-4200-BF63-0671B012876D}.Release|x64.ActiveCfg = Release|Any CPU
		{520FA3D7-107F-4200-BF63-0671B012876D}.Release|x64.Build.0 = Release|Any CPU
		{520FA3D7-107F-4200-BF63-0671B012876D}.Release|x86.ActiveCfg = Release|Any CPU
		{520FA3D7-107F-4200-BF63-0671B012876D}.Release|x86.Build.0 = Release|Any CPU
		{2C7ED41A-6C40-48C6-96A3-7D2B2848DA95}.Debug|Any CPU.ActiveCfg = Debug|Any CPU
		{2C7ED41A-6C40-48C6-96A3-7D2B2848DA95}.Debug|Any CPU.Build.0 = Debug|Any CPU
		{2C7ED41A-6C40-48C6-96A3-7D2B2848DA95}.Debug|x64.ActiveCfg = Debug|Any CPU
		{2C7ED41A-6C40-48C6-96A3-7D2B2848DA95}.Debug|x64.Build.0 = Debug|Any CPU
		{2C7ED41A-6C40-48C6-96A3-7D2B2848DA95}.Debug|x86.ActiveCfg = Debug|Any CPU
		{2C7ED41A-6C40-48C6-96A3-7D2B2848DA95}.Debug|x86.Build.0 = Debug|Any CPU
		{2C7ED41A-6C40-48C6-96A3-7D2B2848DA95}.Release|Any CPU.ActiveCfg = Release|Any CPU
		{2C7ED41A-6C40-48C6-96A3-7D2B2848DA95}.Release|Any CPU.Build.0 = Release|Any CPU
		{2C7ED41A-6C40-48C6-96A3-7D2B2848DA95}.Release|x64.ActiveCfg = Release|Any CPU
		{2C7ED41A-6C40-48C6-96A3-7D2B2848DA95}.Release|x64.Build.0 = Release|Any CPU
		{2C7ED41A-6C40-48C6-96A3-7D2B2848DA95}.Release|x86.ActiveCfg = Release|Any CPU
		{2C7ED41A-6C40-48C6-96A3-7D2B2848DA95}.Release|x86.Build.0 = Release|Any CPU
		{EAD539C2-48D4-415A-BB31-8EDA79A59FA9}.Debug|Any CPU.ActiveCfg = Debug|Any CPU
		{EAD539C2-48D4-415A-BB31-8EDA79A59FA9}.Debug|Any CPU.Build.0 = Debug|Any CPU
		{EAD539C2-48D4-415A-BB31-8EDA79A59FA9}.Debug|x64.ActiveCfg = Debug|Any CPU
		{EAD539C2-48D4-415A-BB31-8EDA79A59FA9}.Debug|x64.Build.0 = Debug|Any CPU
		{EAD539C2-48D4-415A-BB31-8EDA79A59FA9}.Debug|x86.ActiveCfg = Debug|Any CPU
		{EAD539C2-48D4-415A-BB31-8EDA79A59FA9}.Debug|x86.Build.0 = Debug|Any CPU
		{EAD539C2-48D4-415A-BB31-8EDA79A59FA9}.Release|Any CPU.ActiveCfg = Release|Any CPU
		{EAD539C2-48D4-415A-BB31-8EDA79A59FA9}.Release|Any CPU.Build.0 = Release|Any CPU
		{EAD539C2-48D4-415A-BB31-8EDA79A59FA9}.Release|x64.ActiveCfg = Release|Any CPU
		{EAD539C2-48D4-415A-BB31-8EDA79A59FA9}.Release|x64.Build.0 = Release|Any CPU
		{EAD539C2-48D4-415A-BB31-8EDA79A59FA9}.Release|x86.ActiveCfg = Release|Any CPU
		{EAD539C2-48D4-415A-BB31-8EDA79A59FA9}.Release|x86.Build.0 = Release|Any CPU
		{2F668520-B514-48BA-A162-74483000FFA9}.Debug|Any CPU.ActiveCfg = Debug|Any CPU
		{2F668520-B514-48BA-A162-74483000FFA9}.Debug|Any CPU.Build.0 = Debug|Any CPU
		{2F668520-B514-48BA-A162-74483000FFA9}.Debug|x64.ActiveCfg = Debug|Any CPU
		{2F668520-B514-48BA-A162-74483000FFA9}.Debug|x64.Build.0 = Debug|Any CPU
		{2F668520-B514-48BA-A162-74483000FFA9}.Debug|x86.ActiveCfg = Debug|Any CPU
		{2F668520-B514-48BA-A162-74483000FFA9}.Debug|x86.Build.0 = Debug|Any CPU
		{2F668520-B514-48BA-A162-74483000FFA9}.Release|Any CPU.ActiveCfg = Release|Any CPU
		{2F668520-B514-48BA-A162-74483000FFA9}.Release|Any CPU.Build.0 = Release|Any CPU
		{2F668520-B514-48BA-A162-74483000FFA9}.Release|x64.ActiveCfg = Release|Any CPU
		{2F668520-B514-48BA-A162-74483000FFA9}.Release|x64.Build.0 = Release|Any CPU
		{2F668520-B514-48BA-A162-74483000FFA9}.Release|x86.ActiveCfg = Release|Any CPU
		{2F668520-B514-48BA-A162-74483000FFA9}.Release|x86.Build.0 = Release|Any CPU
		{A07F3FD5-D7D8-45C4-BD0F-AB73E9FF07B2}.Debug|Any CPU.ActiveCfg = Debug|Any CPU
		{A07F3FD5-D7D8-45C4-BD0F-AB73E9FF07B2}.Debug|Any CPU.Build.0 = Debug|Any CPU
		{A07F3FD5-D7D8-45C4-BD0F-AB73E9FF07B2}.Debug|x64.ActiveCfg = Debug|Any CPU
		{A07F3FD5-D7D8-45C4-BD0F-AB73E9FF07B2}.Debug|x64.Build.0 = Debug|Any CPU
		{A07F3FD5-D7D8-45C4-BD0F-AB73E9FF07B2}.Debug|x86.ActiveCfg = Debug|Any CPU
		{A07F3FD5-D7D8-45C4-BD0F-AB73E9FF07B2}.Debug|x86.Build.0 = Debug|Any CPU
		{A07F3FD5-D7D8-45C4-BD0F-AB73E9FF07B2}.Release|Any CPU.ActiveCfg = Release|Any CPU
		{A07F3FD5-D7D8-45C4-BD0F-AB73E9FF07B2}.Release|Any CPU.Build.0 = Release|Any CPU
		{A07F3FD5-D7D8-45C4-BD0F-AB73E9FF07B2}.Release|x64.ActiveCfg = Release|Any CPU
		{A07F3FD5-D7D8-45C4-BD0F-AB73E9FF07B2}.Release|x64.Build.0 = Release|Any CPU
		{A07F3FD5-D7D8-45C4-BD0F-AB73E9FF07B2}.Release|x86.ActiveCfg = Release|Any CPU
		{A07F3FD5-D7D8-45C4-BD0F-AB73E9FF07B2}.Release|x86.Build.0 = Release|Any CPU
		{81791B1D-7968-4A5C-A757-EC451DB495BE}.Debug|Any CPU.ActiveCfg = Debug|Any CPU
		{81791B1D-7968-4A5C-A757-EC451DB495BE}.Debug|Any CPU.Build.0 = Debug|Any CPU
		{81791B1D-7968-4A5C-A757-EC451DB495BE}.Debug|x64.ActiveCfg = Debug|Any CPU
		{81791B1D-7968-4A5C-A757-EC451DB495BE}.Debug|x64.Build.0 = Debug|Any CPU
		{81791B1D-7968-4A5C-A757-EC451DB495BE}.Debug|x86.ActiveCfg = Debug|Any CPU
		{81791B1D-7968-4A5C-A757-EC451DB495BE}.Debug|x86.Build.0 = Debug|Any CPU
		{81791B1D-7968-4A5C-A757-EC451DB495BE}.Release|Any CPU.ActiveCfg = Release|Any CPU
		{81791B1D-7968-4A5C-A757-EC451DB495BE}.Release|Any CPU.Build.0 = Release|Any CPU
		{81791B1D-7968-4A5C-A757-EC451DB495BE}.Release|x64.ActiveCfg = Release|Any CPU
		{81791B1D-7968-4A5C-A757-EC451DB495BE}.Release|x64.Build.0 = Release|Any CPU
		{81791B1D-7968-4A5C-A757-EC451DB495BE}.Release|x86.ActiveCfg = Release|Any CPU
		{81791B1D-7968-4A5C-A757-EC451DB495BE}.Release|x86.Build.0 = Release|Any CPU
		{936AF13C-BDE7-48F0-9CF1-D36363B4CEFD}.Debug|Any CPU.ActiveCfg = Debug|Any CPU
		{936AF13C-BDE7-48F0-9CF1-D36363B4CEFD}.Debug|Any CPU.Build.0 = Debug|Any CPU
		{936AF13C-BDE7-48F0-9CF1-D36363B4CEFD}.Debug|x64.ActiveCfg = Debug|Any CPU
		{936AF13C-BDE7-48F0-9CF1-D36363B4CEFD}.Debug|x64.Build.0 = Debug|Any CPU
		{936AF13C-BDE7-48F0-9CF1-D36363B4CEFD}.Debug|x86.ActiveCfg = Debug|Any CPU
		{936AF13C-BDE7-48F0-9CF1-D36363B4CEFD}.Debug|x86.Build.0 = Debug|Any CPU
		{936AF13C-BDE7-48F0-9CF1-D36363B4CEFD}.Release|Any CPU.ActiveCfg = Release|Any CPU
		{936AF13C-BDE7-48F0-9CF1-D36363B4CEFD}.Release|Any CPU.Build.0 = Release|Any CPU
		{936AF13C-BDE7-48F0-9CF1-D36363B4CEFD}.Release|x64.ActiveCfg = Release|Any CPU
		{936AF13C-BDE7-48F0-9CF1-D36363B4CEFD}.Release|x64.Build.0 = Release|Any CPU
		{936AF13C-BDE7-48F0-9CF1-D36363B4CEFD}.Release|x86.ActiveCfg = Release|Any CPU
		{936AF13C-BDE7-48F0-9CF1-D36363B4CEFD}.Release|x86.Build.0 = Release|Any CPU
		{53B8E127-AD91-46D8-A118-9B1C9319E49F}.Debug|Any CPU.ActiveCfg = Debug|Any CPU
		{53B8E127-AD91-46D8-A118-9B1C9319E49F}.Debug|Any CPU.Build.0 = Debug|Any CPU
		{53B8E127-AD91-46D8-A118-9B1C9319E49F}.Debug|x64.ActiveCfg = Debug|Any CPU
		{53B8E127-AD91-46D8-A118-9B1C9319E49F}.Debug|x64.Build.0 = Debug|Any CPU
		{53B8E127-AD91-46D8-A118-9B1C9319E49F}.Debug|x86.ActiveCfg = Debug|Any CPU
		{53B8E127-AD91-46D8-A118-9B1C9319E49F}.Debug|x86.Build.0 = Debug|Any CPU
		{53B8E127-AD91-46D8-A118-9B1C9319E49F}.Release|Any CPU.ActiveCfg = Release|Any CPU
		{53B8E127-AD91-46D8-A118-9B1C9319E49F}.Release|Any CPU.Build.0 = Release|Any CPU
		{53B8E127-AD91-46D8-A118-9B1C9319E49F}.Release|x64.ActiveCfg = Release|Any CPU
		{53B8E127-AD91-46D8-A118-9B1C9319E49F}.Release|x64.Build.0 = Release|Any CPU
		{53B8E127-AD91-46D8-A118-9B1C9319E49F}.Release|x86.ActiveCfg = Release|Any CPU
		{53B8E127-AD91-46D8-A118-9B1C9319E49F}.Release|x86.Build.0 = Release|Any CPU
		{441F2F64-A129-4210-91DF-C7FBDD9F241D}.Debug|Any CPU.ActiveCfg = Debug|Any CPU
		{441F2F64-A129-4210-91DF-C7FBDD9F241D}.Debug|Any CPU.Build.0 = Debug|Any CPU
		{441F2F64-A129-4210-91DF-C7FBDD9F241D}.Debug|x64.ActiveCfg = Debug|Any CPU
		{441F2F64-A129-4210-91DF-C7FBDD9F241D}.Debug|x64.Build.0 = Debug|Any CPU
		{441F2F64-A129-4210-91DF-C7FBDD9F241D}.Debug|x86.ActiveCfg = Debug|Any CPU
		{441F2F64-A129-4210-91DF-C7FBDD9F241D}.Debug|x86.Build.0 = Debug|Any CPU
		{441F2F64-A129-4210-91DF-C7FBDD9F241D}.Release|Any CPU.ActiveCfg = Release|Any CPU
		{441F2F64-A129-4210-91DF-C7FBDD9F241D}.Release|Any CPU.Build.0 = Release|Any CPU
		{441F2F64-A129-4210-91DF-C7FBDD9F241D}.Release|x64.ActiveCfg = Release|Any CPU
		{441F2F64-A129-4210-91DF-C7FBDD9F241D}.Release|x64.Build.0 = Release|Any CPU
		{441F2F64-A129-4210-91DF-C7FBDD9F241D}.Release|x86.ActiveCfg = Release|Any CPU
		{441F2F64-A129-4210-91DF-C7FBDD9F241D}.Release|x86.Build.0 = Release|Any CPU
		{477BBE99-0B9B-4817-91EA-178337F8B553}.Debug|Any CPU.ActiveCfg = Debug|Any CPU
		{477BBE99-0B9B-4817-91EA-178337F8B553}.Debug|Any CPU.Build.0 = Debug|Any CPU
		{477BBE99-0B9B-4817-91EA-178337F8B553}.Debug|x64.ActiveCfg = Debug|Any CPU
		{477BBE99-0B9B-4817-91EA-178337F8B553}.Debug|x64.Build.0 = Debug|Any CPU
		{477BBE99-0B9B-4817-91EA-178337F8B553}.Debug|x86.ActiveCfg = Debug|Any CPU
		{477BBE99-0B9B-4817-91EA-178337F8B553}.Debug|x86.Build.0 = Debug|Any CPU
		{477BBE99-0B9B-4817-91EA-178337F8B553}.Release|Any CPU.ActiveCfg = Release|Any CPU
		{477BBE99-0B9B-4817-91EA-178337F8B553}.Release|Any CPU.Build.0 = Release|Any CPU
		{477BBE99-0B9B-4817-91EA-178337F8B553}.Release|x64.ActiveCfg = Release|Any CPU
		{477BBE99-0B9B-4817-91EA-178337F8B553}.Release|x64.Build.0 = Release|Any CPU
		{477BBE99-0B9B-4817-91EA-178337F8B553}.Release|x86.ActiveCfg = Release|Any CPU
		{477BBE99-0B9B-4817-91EA-178337F8B553}.Release|x86.Build.0 = Release|Any CPU
		{7269BE9F-A886-4DB1-9139-130BA30A7A63}.Debug|Any CPU.ActiveCfg = Debug|Any CPU
		{7269BE9F-A886-4DB1-9139-130BA30A7A63}.Debug|Any CPU.Build.0 = Debug|Any CPU
		{7269BE9F-A886-4DB1-9139-130BA30A7A63}.Debug|x64.ActiveCfg = Debug|Any CPU
		{7269BE9F-A886-4DB1-9139-130BA30A7A63}.Debug|x64.Build.0 = Debug|Any CPU
		{7269BE9F-A886-4DB1-9139-130BA30A7A63}.Debug|x86.ActiveCfg = Debug|Any CPU
		{7269BE9F-A886-4DB1-9139-130BA30A7A63}.Debug|x86.Build.0 = Debug|Any CPU
		{7269BE9F-A886-4DB1-9139-130BA30A7A63}.Release|Any CPU.ActiveCfg = Release|Any CPU
		{7269BE9F-A886-4DB1-9139-130BA30A7A63}.Release|Any CPU.Build.0 = Release|Any CPU
		{7269BE9F-A886-4DB1-9139-130BA30A7A63}.Release|x64.ActiveCfg = Release|Any CPU
		{7269BE9F-A886-4DB1-9139-130BA30A7A63}.Release|x64.Build.0 = Release|Any CPU
		{7269BE9F-A886-4DB1-9139-130BA30A7A63}.Release|x86.ActiveCfg = Release|Any CPU
		{7269BE9F-A886-4DB1-9139-130BA30A7A63}.Release|x86.Build.0 = Release|Any CPU
		{EB1E4451-B80A-4B31-9C17-F4D2A0B3829B}.Debug|Any CPU.ActiveCfg = Debug|Any CPU
		{EB1E4451-B80A-4B31-9C17-F4D2A0B3829B}.Debug|Any CPU.Build.0 = Debug|Any CPU
		{EB1E4451-B80A-4B31-9C17-F4D2A0B3829B}.Debug|x64.ActiveCfg = Debug|Any CPU
		{EB1E4451-B80A-4B31-9C17-F4D2A0B3829B}.Debug|x64.Build.0 = Debug|Any CPU
		{EB1E4451-B80A-4B31-9C17-F4D2A0B3829B}.Debug|x86.ActiveCfg = Debug|Any CPU
		{EB1E4451-B80A-4B31-9C17-F4D2A0B3829B}.Debug|x86.Build.0 = Debug|Any CPU
		{EB1E4451-B80A-4B31-9C17-F4D2A0B3829B}.Release|Any CPU.ActiveCfg = Release|Any CPU
		{EB1E4451-B80A-4B31-9C17-F4D2A0B3829B}.Release|Any CPU.Build.0 = Release|Any CPU
		{EB1E4451-B80A-4B31-9C17-F4D2A0B3829B}.Release|x64.ActiveCfg = Release|Any CPU
		{EB1E4451-B80A-4B31-9C17-F4D2A0B3829B}.Release|x64.Build.0 = Release|Any CPU
		{EB1E4451-B80A-4B31-9C17-F4D2A0B3829B}.Release|x86.ActiveCfg = Release|Any CPU
		{EB1E4451-B80A-4B31-9C17-F4D2A0B3829B}.Release|x86.Build.0 = Release|Any CPU
		{B3C89C92-DD35-42D1-978E-AE3A9A246FF7}.Debug|Any CPU.ActiveCfg = Debug|Any CPU
		{B3C89C92-DD35-42D1-978E-AE3A9A246FF7}.Debug|Any CPU.Build.0 = Debug|Any CPU
		{B3C89C92-DD35-42D1-978E-AE3A9A246FF7}.Debug|x64.ActiveCfg = Debug|Any CPU
		{B3C89C92-DD35-42D1-978E-AE3A9A246FF7}.Debug|x64.Build.0 = Debug|Any CPU
		{B3C89C92-DD35-42D1-978E-AE3A9A246FF7}.Debug|x86.ActiveCfg = Debug|Any CPU
		{B3C89C92-DD35-42D1-978E-AE3A9A246FF7}.Debug|x86.Build.0 = Debug|Any CPU
		{B3C89C92-DD35-42D1-978E-AE3A9A246FF7}.Release|Any CPU.ActiveCfg = Release|Any CPU
		{B3C89C92-DD35-42D1-978E-AE3A9A246FF7}.Release|Any CPU.Build.0 = Release|Any CPU
		{B3C89C92-DD35-42D1-978E-AE3A9A246FF7}.Release|x64.ActiveCfg = Release|Any CPU
		{B3C89C92-DD35-42D1-978E-AE3A9A246FF7}.Release|x64.Build.0 = Release|Any CPU
		{B3C89C92-DD35-42D1-978E-AE3A9A246FF7}.Release|x86.ActiveCfg = Release|Any CPU
		{B3C89C92-DD35-42D1-978E-AE3A9A246FF7}.Release|x86.Build.0 = Release|Any CPU
		{3A668269-6B38-4626-BC8A-E01EEA4EFD29}.Debug|Any CPU.ActiveCfg = Debug|Any CPU
		{3A668269-6B38-4626-BC8A-E01EEA4EFD29}.Debug|Any CPU.Build.0 = Debug|Any CPU
		{3A668269-6B38-4626-BC8A-E01EEA4EFD29}.Debug|x64.ActiveCfg = Debug|Any CPU
		{3A668269-6B38-4626-BC8A-E01EEA4EFD29}.Debug|x64.Build.0 = Debug|Any CPU
		{3A668269-6B38-4626-BC8A-E01EEA4EFD29}.Debug|x86.ActiveCfg = Debug|Any CPU
		{3A668269-6B38-4626-BC8A-E01EEA4EFD29}.Debug|x86.Build.0 = Debug|Any CPU
		{3A668269-6B38-4626-BC8A-E01EEA4EFD29}.Release|Any CPU.ActiveCfg = Release|Any CPU
		{3A668269-6B38-4626-BC8A-E01EEA4EFD29}.Release|Any CPU.Build.0 = Release|Any CPU
		{3A668269-6B38-4626-BC8A-E01EEA4EFD29}.Release|x64.ActiveCfg = Release|Any CPU
		{3A668269-6B38-4626-BC8A-E01EEA4EFD29}.Release|x64.Build.0 = Release|Any CPU
		{3A668269-6B38-4626-BC8A-E01EEA4EFD29}.Release|x86.ActiveCfg = Release|Any CPU
		{3A668269-6B38-4626-BC8A-E01EEA4EFD29}.Release|x86.Build.0 = Release|Any CPU
		{78E29534-5FD8-413C-817F-DFD4AF14CDA7}.Debug|Any CPU.ActiveCfg = Debug|Any CPU
		{78E29534-5FD8-413C-817F-DFD4AF14CDA7}.Debug|Any CPU.Build.0 = Debug|Any CPU
		{78E29534-5FD8-413C-817F-DFD4AF14CDA7}.Debug|x64.ActiveCfg = Debug|Any CPU
		{78E29534-5FD8-413C-817F-DFD4AF14CDA7}.Debug|x64.Build.0 = Debug|Any CPU
		{78E29534-5FD8-413C-817F-DFD4AF14CDA7}.Debug|x86.ActiveCfg = Debug|Any CPU
		{78E29534-5FD8-413C-817F-DFD4AF14CDA7}.Debug|x86.Build.0 = Debug|Any CPU
		{78E29534-5FD8-413C-817F-DFD4AF14CDA7}.Release|Any CPU.ActiveCfg = Release|Any CPU
		{78E29534-5FD8-413C-817F-DFD4AF14CDA7}.Release|Any CPU.Build.0 = Release|Any CPU
		{78E29534-5FD8-413C-817F-DFD4AF14CDA7}.Release|x64.ActiveCfg = Release|Any CPU
		{78E29534-5FD8-413C-817F-DFD4AF14CDA7}.Release|x64.Build.0 = Release|Any CPU
		{78E29534-5FD8-413C-817F-DFD4AF14CDA7}.Release|x86.ActiveCfg = Release|Any CPU
		{78E29534-5FD8-413C-817F-DFD4AF14CDA7}.Release|x86.Build.0 = Release|Any CPU
		{893BEA99-9384-4F09-91C9-E69C330695CD}.Debug|Any CPU.ActiveCfg = Debug|Any CPU
		{893BEA99-9384-4F09-91C9-E69C330695CD}.Debug|Any CPU.Build.0 = Debug|Any CPU
		{893BEA99-9384-4F09-91C9-E69C330695CD}.Debug|x64.ActiveCfg = Debug|Any CPU
		{893BEA99-9384-4F09-91C9-E69C330695CD}.Debug|x64.Build.0 = Debug|Any CPU
		{893BEA99-9384-4F09-91C9-E69C330695CD}.Debug|x86.ActiveCfg = Debug|Any CPU
		{893BEA99-9384-4F09-91C9-E69C330695CD}.Debug|x86.Build.0 = Debug|Any CPU
		{893BEA99-9384-4F09-91C9-E69C330695CD}.Release|Any CPU.ActiveCfg = Release|Any CPU
		{893BEA99-9384-4F09-91C9-E69C330695CD}.Release|Any CPU.Build.0 = Release|Any CPU
		{893BEA99-9384-4F09-91C9-E69C330695CD}.Release|x64.ActiveCfg = Release|Any CPU
		{893BEA99-9384-4F09-91C9-E69C330695CD}.Release|x64.Build.0 = Release|Any CPU
		{893BEA99-9384-4F09-91C9-E69C330695CD}.Release|x86.ActiveCfg = Release|Any CPU
		{893BEA99-9384-4F09-91C9-E69C330695CD}.Release|x86.Build.0 = Release|Any CPU
		{6D18CF52-8BCE-4F13-BFBD-1C0569121E89}.Debug|Any CPU.ActiveCfg = Debug|Any CPU
		{6D18CF52-8BCE-4F13-BFBD-1C0569121E89}.Debug|Any CPU.Build.0 = Debug|Any CPU
		{6D18CF52-8BCE-4F13-BFBD-1C0569121E89}.Debug|x64.ActiveCfg = Debug|Any CPU
		{6D18CF52-8BCE-4F13-BFBD-1C0569121E89}.Debug|x64.Build.0 = Debug|Any CPU
		{6D18CF52-8BCE-4F13-BFBD-1C0569121E89}.Debug|x86.ActiveCfg = Debug|Any CPU
		{6D18CF52-8BCE-4F13-BFBD-1C0569121E89}.Debug|x86.Build.0 = Debug|Any CPU
		{6D18CF52-8BCE-4F13-BFBD-1C0569121E89}.Release|Any CPU.ActiveCfg = Release|Any CPU
		{6D18CF52-8BCE-4F13-BFBD-1C0569121E89}.Release|Any CPU.Build.0 = Release|Any CPU
		{6D18CF52-8BCE-4F13-BFBD-1C0569121E89}.Release|x64.ActiveCfg = Release|Any CPU
		{6D18CF52-8BCE-4F13-BFBD-1C0569121E89}.Release|x64.Build.0 = Release|Any CPU
		{6D18CF52-8BCE-4F13-BFBD-1C0569121E89}.Release|x86.ActiveCfg = Release|Any CPU
		{6D18CF52-8BCE-4F13-BFBD-1C0569121E89}.Release|x86.Build.0 = Release|Any CPU
		{B3D9C515-33E4-401A-93CC-C447C0E6A158}.Debug|Any CPU.ActiveCfg = Debug|Any CPU
		{B3D9C515-33E4-401A-93CC-C447C0E6A158}.Debug|Any CPU.Build.0 = Debug|Any CPU
		{B3D9C515-33E4-401A-93CC-C447C0E6A158}.Debug|x64.ActiveCfg = Debug|Any CPU
		{B3D9C515-33E4-401A-93CC-C447C0E6A158}.Debug|x64.Build.0 = Debug|Any CPU
		{B3D9C515-33E4-401A-93CC-C447C0E6A158}.Debug|x86.ActiveCfg = Debug|Any CPU
		{B3D9C515-33E4-401A-93CC-C447C0E6A158}.Debug|x86.Build.0 = Debug|Any CPU
		{B3D9C515-33E4-401A-93CC-C447C0E6A158}.Release|Any CPU.ActiveCfg = Release|Any CPU
		{B3D9C515-33E4-401A-93CC-C447C0E6A158}.Release|Any CPU.Build.0 = Release|Any CPU
		{B3D9C515-33E4-401A-93CC-C447C0E6A158}.Release|x64.ActiveCfg = Release|Any CPU
		{B3D9C515-33E4-401A-93CC-C447C0E6A158}.Release|x64.Build.0 = Release|Any CPU
		{B3D9C515-33E4-401A-93CC-C447C0E6A158}.Release|x86.ActiveCfg = Release|Any CPU
		{B3D9C515-33E4-401A-93CC-C447C0E6A158}.Release|x86.Build.0 = Release|Any CPU
	EndGlobalSection
	GlobalSection(SolutionProperties) = preSolution
		HideSolutionNode = FALSE
	EndGlobalSection
	GlobalSection(NestedProjects) = preSolution
		{90298CBA-BD6F-3A0A-69D5-97CAD7B05E7E} = {827E0CD3-B72D-47B6-A68D-7590B98EB39B}
		{520FA3D7-107F-4200-BF63-0671B012876D} = {90298CBA-BD6F-3A0A-69D5-97CAD7B05E7E}
		{2C7ED41A-6C40-48C6-96A3-7D2B2848DA95} = {90298CBA-BD6F-3A0A-69D5-97CAD7B05E7E}
		{EAD539C2-48D4-415A-BB31-8EDA79A59FA9} = {90298CBA-BD6F-3A0A-69D5-97CAD7B05E7E}
		{2F668520-B514-48BA-A162-74483000FFA9} = {90298CBA-BD6F-3A0A-69D5-97CAD7B05E7E}
		{A07F3FD5-D7D8-45C4-BD0F-AB73E9FF07B2} = {90298CBA-BD6F-3A0A-69D5-97CAD7B05E7E}
		{81791B1D-7968-4A5C-A757-EC451DB495BE} = {90298CBA-BD6F-3A0A-69D5-97CAD7B05E7E}
		{936AF13C-BDE7-48F0-9CF1-D36363B4CEFD} = {90298CBA-BD6F-3A0A-69D5-97CAD7B05E7E}
		{53B8E127-AD91-46D8-A118-9B1C9319E49F} = {90298CBA-BD6F-3A0A-69D5-97CAD7B05E7E}
		{441F2F64-A129-4210-91DF-C7FBDD9F241D} = {90298CBA-BD6F-3A0A-69D5-97CAD7B05E7E}
		{477BBE99-0B9B-4817-91EA-178337F8B553} = {90298CBA-BD6F-3A0A-69D5-97CAD7B05E7E}
		{7269BE9F-A886-4DB1-9139-130BA30A7A63} = {90298CBA-BD6F-3A0A-69D5-97CAD7B05E7E}
		{EB1E4451-B80A-4B31-9C17-F4D2A0B3829B} = {90298CBA-BD6F-3A0A-69D5-97CAD7B05E7E}
		{B3C89C92-DD35-42D1-978E-AE3A9A246FF7} = {90298CBA-BD6F-3A0A-69D5-97CAD7B05E7E}
		{3A668269-6B38-4626-BC8A-E01EEA4EFD29} = {90298CBA-BD6F-3A0A-69D5-97CAD7B05E7E}
		{78E29534-5FD8-413C-817F-DFD4AF14CDA7} = {90298CBA-BD6F-3A0A-69D5-97CAD7B05E7E}
		{893BEA99-9384-4F09-91C9-E69C330695CD} = {90298CBA-BD6F-3A0A-69D5-97CAD7B05E7E}
		{6D18CF52-8BCE-4F13-BFBD-1C0569121E89} = {90298CBA-BD6F-3A0A-69D5-97CAD7B05E7E}
		{B3D9C515-33E4-401A-93CC-C447C0E6A158} = {90298CBA-BD6F-3A0A-69D5-97CAD7B05E7E}
	EndGlobalSection
EndGlobal
